
Microsoft Visual Studio Solution File, Format Version 12.00
# Visual Studio Version 17
VisualStudioVersion = 17.8.34316.72
MinimumVisualStudioVersion = 10.0.40219.1
Project("{FAE04EC0-301F-11D3-BF4B-00C04F79EFBC}") = "teg_bot", "teg_bot.csproj", "{7FACDF44-BAC4-4EBB-BD30-383F26F94598}"
EndProject
Global
	GlobalSection(SolutionConfigurationPlatforms) = preSolution
		Debug|Any CPU = Debug|Any CPU
		Release|Any CPU = Release|Any CPU
	EndGlobalSection
	GlobalSection(ProjectConfigurationPlatforms) = postSolution
		{7FACDF44-BAC4-4EBB-BD30-383F26F94598}.Debug|Any CPU.ActiveCfg = Debug|Any CPU
		{7FACDF44-BAC4-4EBB-BD30-383F26F94598}.Debug|Any CPU.Build.0 = Debug|Any CPU
		{7FACDF44-BAC4-4EBB-BD30-383F26F94598}.Release|Any CPU.ActiveCfg = Release|Any CPU
		{7FACDF44-BAC4-4EBB-BD30-383F26F94598}.Release|Any CPU.Build.0 = Release|Any CPU
	EndGlobalSection
	GlobalSection(SolutionProperties) = preSolution
		HideSolutionNode = FALSE
	EndGlobalSection
	GlobalSection(ExtensibilityGlobals) = postSolution
		SolutionGuid = {8EA30E48-69B5-4B42-90E6-CE91BB23560F}
	EndGlobalSection
EndGlobal
